
Microsoft Visual Studio Solution File, Format Version 12.00
# Visual Studio Version 17
VisualStudioVersion = 17.9.34622.214
MinimumVisualStudioVersion = 10.0.40219.1
Project("{FAE04EC0-301F-11D3-BF4B-00C04F79EFBC}") = "ST10070933PROG6221POE", "ST10070933PROG6221POE\ST10070933PROG6221POE.csproj", "{0C999AE7-56F9-4929-AD7C-61932A09797F}"
EndProject
Global
	GlobalSection(SolutionConfigurationPlatforms) = preSolution
		Debug|Any CPU = Debug|Any CPU
		Release|Any CPU = Release|Any CPU
	EndGlobalSection
	GlobalSection(ProjectConfigurationPlatforms) = postSolution
		{0C999AE7-56F9-4929-AD7C-61932A09797F}.Debug|Any CPU.ActiveCfg = Debug|Any CPU
		{0C999AE7-56F9-4929-AD7C-61932A09797F}.Debug|Any CPU.Build.0 = Debug|Any CPU
		{0C999AE7-56F9-4929-AD7C-61932A09797F}.Release|Any CPU.ActiveCfg = Release|Any CPU
		{0C999AE7-56F9-4929-AD7C-61932A09797F}.Release|Any CPU.Build.0 = Release|Any CPU
	EndGlobalSection
	GlobalSection(SolutionProperties) = preSolution
		HideSolutionNode = FALSE
	EndGlobalSection
	GlobalSection(ExtensibilityGlobals) = postSolution
		SolutionGuid = {FE688F39-953E-4B50-BA25-A2DD0954FE38}
	EndGlobalSection
EndGlobal
